
Microsoft Visual Studio Solution File, Format Version 12.00
# Visual Studio Version 17
VisualStudioVersion = 17.13.35806.99 d17.13
MinimumVisualStudioVersion = 10.0.40219.1
Project("{888888A0-9F3D-457C-B088-3A5042F75D52}") = "DjangoWebProject_lab4", "DjangoWebProject_lab4\DjangoWebProject_lab4.pyproj", "{C9895BED-9742-4873-82D1-7B32631D5852}"
EndProject
Global
	GlobalSection(SolutionConfigurationPlatforms) = preSolution
		Debug|Any CPU = Debug|Any CPU
		Release|Any CPU = Release|Any CPU
	EndGlobalSection
	GlobalSection(ProjectConfigurationPlatforms) = postSolution
		{C9895BED-9742-4873-82D1-7B32631D5852}.Debug|Any CPU.ActiveCfg = Debug|Any CPU
		{C9895BED-9742-4873-82D1-7B32631D5852}.Debug|Any CPU.Build.0 = Debug|Any CPU
		{C9895BED-9742-4873-82D1-7B32631D5852}.Release|Any CPU.ActiveCfg = Release|Any CPU
		{C9895BED-9742-4873-82D1-7B32631D5852}.Release|Any CPU.Build.0 = Release|Any CPU
	EndGlobalSection
	GlobalSection(SolutionProperties) = preSolution
		HideSolutionNode = FALSE
	EndGlobalSection
	GlobalSection(ExtensibilityGlobals) = postSolution
		SolutionGuid = {1D937765-ADBD-4CFB-BE19-696B28267C0B}
	EndGlobalSection
EndGlobal
